// !$*UTF8*$!
{
	archiveVersion = 1;
	classes = {
	};
	objectVersion = 56;
	objects = {

/* Begin PBXBuildFile section */
		75DD0F6C2ABBBCDA00001542 /* CoreDataConceptsAdvancedApp.swift in Sources */ = {isa = PBXBuildFile; fileRef = 75DD0F6B2ABBBCDA00001542 /* CoreDataConceptsAdvancedApp.swift */; };
		75DD0F6E2ABBBCDA00001542 /* ContentView.swift in Sources */ = {isa = PBXBuildFile; fileRef = 75DD0F6D2ABBBCDA00001542 /* ContentView.swift */; };
		75DD0F702ABBBCDC00001542 /* Assets.xcassets in Resources */ = {isa = PBXBuildFile; fileRef = 75DD0F6F2ABBBCDC00001542 /* Assets.xcassets */; };
		75DD0F732ABBBCDC00001542 /* Preview Assets.xcassets in Resources */ = {isa = PBXBuildFile; fileRef = 75DD0F722ABBBCDC00001542 /* Preview Assets.xcassets */; };
		75DD0F7A2ABBBD0700001542 /* DataController.swift in Sources */ = {isa = PBXBuildFile; fileRef = 75DD0F792ABBBD0700001542 /* DataController.swift */; };
		75DD0F7D2ABBBE3400001542 /* Artist.xcdatamodeld in Sources */ = {isa = PBXBuildFile; fileRef = 75DD0F7B2ABBBE3400001542 /* Artist.xcdatamodeld */; };
		75DD0F802ABBBE7C00001542 /* Singer+CoreDataClass.swift in Sources */ = {isa = PBXBuildFile; fileRef = 75DD0F7E2ABBBE7C00001542 /* Singer+CoreDataClass.swift */; };
		75DD0F812ABBBE7C00001542 /* Singer+CoreDataProperties.swift in Sources */ = {isa = PBXBuildFile; fileRef = 75DD0F7F2ABBBE7C00001542 /* Singer+CoreDataProperties.swift */; };
		75DD0F832ABBBF9300001542 /* FilteredListView.swift in Sources */ = {isa = PBXBuildFile; fileRef = 75DD0F822ABBBF9300001542 /* FilteredListView.swift */; };
		75DD0F902ABBC6A500001542 /* Country+CoreDataClass.swift in Sources */ = {isa = PBXBuildFile; fileRef = 75DD0F8C2ABBC6A500001542 /* Country+CoreDataClass.swift */; };
		75DD0F912ABBC6A500001542 /* Country+CoreDataProperties.swift in Sources */ = {isa = PBXBuildFile; fileRef = 75DD0F8D2ABBC6A500001542 /* Country+CoreDataProperties.swift */; };
		75DD0F922ABBC6A500001542 /* Candy+CoreDataClass.swift in Sources */ = {isa = PBXBuildFile; fileRef = 75DD0F8E2ABBC6A500001542 /* Candy+CoreDataClass.swift */; };
		75DD0F932ABBC6A500001542 /* Candy+CoreDataProperties.swift in Sources */ = {isa = PBXBuildFile; fileRef = 75DD0F8F2ABBC6A500001542 /* Candy+CoreDataProperties.swift */; };
/* End PBXBuildFile section */

/* Begin PBXFileReference section */
		75DD0F682ABBBCDA00001542 /* CoreDataConceptsAdvanced.app */ = {isa = PBXFileReference; explicitFileType = wrapper.application; includeInIndex = 0; path = CoreDataConceptsAdvanced.app; sourceTree = BUILT_PRODUCTS_DIR; };
		75DD0F6B2ABBBCDA00001542 /* CoreDataConceptsAdvancedApp.swift */ = {isa = PBXFileReference; lastKnownFileType = sourcecode.swift; path = CoreDataConceptsAdvancedApp.swift; sourceTree = "<group>"; };
		75DD0F6D2ABBBCDA00001542 /* ContentView.swift */ = {isa = PBXFileReference; lastKnownFileType = sourcecode.swift; path = ContentView.swift; sourceTree = "<group>"; };
		75DD0F6F2ABBBCDC00001542 /* Assets.xcassets */ = {isa = PBXFileReference; lastKnownFileType = folder.assetcatalog; path = Assets.xcassets; sourceTree = "<group>"; };
		75DD0F722ABBBCDC00001542 /* Preview Assets.xcassets */ = {isa = PBXFileReference; lastKnownFileType = folder.assetcatalog; path = "Preview Assets.xcassets"; sourceTree = "<group>"; };
		75DD0F792ABBBD0700001542 /* DataController.swift */ = {isa = PBXFileReference; lastKnownFileType = sourcecode.swift; path = DataController.swift; sourceTree = "<group>"; };
		75DD0F7C2ABBBE3400001542 /* Artist.xcdatamodel */ = {isa = PBXFileReference; lastKnownFileType = wrapper.xcdatamodel; path = Artist.xcdatamodel; sourceTree = "<group>"; };
		75DD0F7E2ABBBE7C00001542 /* Singer+CoreDataClass.swift */ = {isa = PBXFileReference; lastKnownFileType = sourcecode.swift; path = "Singer+CoreDataClass.swift"; sourceTree = "<group>"; };
		75DD0F7F2ABBBE7C00001542 /* Singer+CoreDataProperties.swift */ = {isa = PBXFileReference; lastKnownFileType = sourcecode.swift; path = "Singer+CoreDataProperties.swift"; sourceTree = "<group>"; };
		75DD0F822ABBBF9300001542 /* FilteredListView.swift */ = {isa = PBXFileReference; lastKnownFileType = sourcecode.swift; path = FilteredListView.swift; sourceTree = "<group>"; };
		75DD0F8C2ABBC6A500001542 /* Country+CoreDataClass.swift */ = {isa = PBXFileReference; lastKnownFileType = sourcecode.swift; path = "Country+CoreDataClass.swift"; sourceTree = "<group>"; };
		75DD0F8D2ABBC6A500001542 /* Country+CoreDataProperties.swift */ = {isa = PBXFileReference; lastKnownFileType = sourcecode.swift; path = "Country+CoreDataProperties.swift"; sourceTree = "<group>"; };
		75DD0F8E2ABBC6A500001542 /* Candy+CoreDataClass.swift */ = {isa = PBXFileReference; lastKnownFileType = sourcecode.swift; path = "Candy+CoreDataClass.swift"; sourceTree = "<group>"; };
		75DD0F8F2ABBC6A500001542 /* Candy+CoreDataProperties.swift */ = {isa = PBXFileReference; lastKnownFileType = sourcecode.swift; path = "Candy+CoreDataProperties.swift"; sourceTree = "<group>"; };
/* End PBXFileReference section */

/* Begin PBXFrameworksBuildPhase section */
		75DD0F652ABBBCDA00001542 /* Frameworks */ = {
			isa = PBXFrameworksBuildPhase;
			buildActionMask = 2147483647;
			files = (
			);
			runOnlyForDeploymentPostprocessing = 0;
		};
/* End PBXFrameworksBuildPhase section */

/* Begin PBXGroup section */
		75DD0F5F2ABBBCDA00001542 = {
			isa = PBXGroup;
			children = (
				75DD0F6A2ABBBCDA00001542 /* CoreDataConceptsAdvanced */,
				75DD0F692ABBBCDA00001542 /* Products */,
			);
			sourceTree = "<group>";
		};
		75DD0F692ABBBCDA00001542 /* Products */ = {
			isa = PBXGroup;
			children = (
				75DD0F682ABBBCDA00001542 /* CoreDataConceptsAdvanced.app */,
			);
			name = Products;
			sourceTree = "<group>";
		};
		75DD0F6A2ABBBCDA00001542 /* CoreDataConceptsAdvanced */ = {
			isa = PBXGroup;
			children = (
				75DD0F7E2ABBBE7C00001542 /* Singer+CoreDataClass.swift */,
				75DD0F7F2ABBBE7C00001542 /* Singer+CoreDataProperties.swift */,
				75DD0F792ABBBD0700001542 /* DataController.swift */,
				75DD0F8C2ABBC6A500001542 /* Country+CoreDataClass.swift */,
				75DD0F8D2ABBC6A500001542 /* Country+CoreDataProperties.swift */,
				75DD0F8E2ABBC6A500001542 /* Candy+CoreDataClass.swift */,
				75DD0F8F2ABBC6A500001542 /* Candy+CoreDataProperties.swift */,
				75DD0F6B2ABBBCDA00001542 /* CoreDataConceptsAdvancedApp.swift */,
				75DD0F6D2ABBBCDA00001542 /* ContentView.swift */,
				75DD0F822ABBBF9300001542 /* FilteredListView.swift */,
				75DD0F6F2ABBBCDC00001542 /* Assets.xcassets */,
				75DD0F7B2ABBBE3400001542 /* Artist.xcdatamodeld */,
				75DD0F712ABBBCDC00001542 /* Preview Content */,
			);
			path = CoreDataConceptsAdvanced;
			sourceTree = "<group>";
		};
		75DD0F712ABBBCDC00001542 /* Preview Content */ = {
			isa = PBXGroup;
			children = (
				75DD0F722ABBBCDC00001542 /* Preview Assets.xcassets */,
			);
			path = "Preview Content";
			sourceTree = "<group>";
		};
/* End PBXGroup section */

/* Begin PBXNativeTarget section */
		75DD0F672ABBBCDA00001542 /* CoreDataConceptsAdvanced */ = {
			isa = PBXNativeTarget;
			buildConfigurationList = 75DD0F762ABBBCDC00001542 /* Build configuration list for PBXNativeTarget "CoreDataConceptsAdvanced" */;
			buildPhases = (
				75DD0F642ABBBCDA00001542 /* Sources */,
				75DD0F652ABBBCDA00001542 /* Frameworks */,
				75DD0F662ABBBCDA00001542 /* Resources */,
			);
			buildRules = (
			);
			dependencies = (
			);
			name = CoreDataConceptsAdvanced;
			productName = CoreDataConceptsAdvanced;
			productReference = 75DD0F682ABBBCDA00001542 /* CoreDataConceptsAdvanced.app */;
			productType = "com.apple.product-type.application";
		};
/* End PBXNativeTarget section */

/* Begin PBXProject section */
		75DD0F602ABBBCDA00001542 /* Project object */ = {
			isa = PBXProject;
			attributes = {
				BuildIndependentTargetsInParallel = 1;
				LastSwiftUpdateCheck = 1430;
				LastUpgradeCheck = 1430;
				TargetAttributes = {
					75DD0F672ABBBCDA00001542 = {
						CreatedOnToolsVersion = 14.3.1;
					};
				};
			};
			buildConfigurationList = 75DD0F632ABBBCDA00001542 /* Build configuration list for PBXProject "CoreDataConceptsAdvanced" */;
			compatibilityVersion = "Xcode 14.0";
			developmentRegion = en;
			hasScannedForEncodings = 0;
			knownRegions = (
				en,
				Base,
			);
			mainGroup = 75DD0F5F2ABBBCDA00001542;
			productRefGroup = 75DD0F692ABBBCDA00001542 /* Products */;
			projectDirPath = "";
			projectRoot = "";
			targets = (
				75DD0F672ABBBCDA00001542 /* CoreDataConceptsAdvanced */,
			);
		};
/* End PBXProject section */

/* Begin PBXResourcesBuildPhase section */
		75DD0F662ABBBCDA00001542 /* Resources */ = {
			isa = PBXResourcesBuildPhase;
			buildActionMask = 2147483647;
			files = (
				75DD0F732ABBBCDC00001542 /* Preview Assets.xcassets in Resources */,
				75DD0F702ABBBCDC00001542 /* Assets.xcassets in Resources */,
			);
			runOnlyForDeploymentPostprocessing = 0;
		};
/* End PBXResourcesBuildPhase section */

/* Begin PBXSourcesBuildPhase section */
		75DD0F642ABBBCDA00001542 /* Sources */ = {
			isa = PBXSourcesBuildPhase;
			buildActionMask = 2147483647;
			files = (
				75DD0F6E2ABBBCDA00001542 /* ContentView.swift in Sources */,
				75DD0F922ABBC6A500001542 /* Candy+CoreDataClass.swift in Sources */,
				75DD0F932ABBC6A500001542 /* Candy+CoreDataProperties.swift in Sources */,
				75DD0F812ABBBE7C00001542 /* Singer+CoreDataProperties.swift in Sources */,
				75DD0F7A2ABBBD0700001542 /* DataController.swift in Sources */,
				75DD0F832ABBBF9300001542 /* FilteredListView.swift in Sources */,
				75DD0F802ABBBE7C00001542 /* Singer+CoreDataClass.swift in Sources */,
				75DD0F7D2ABBBE3400001542 /* Artist.xcdatamodeld in Sources */,
				75DD0F902ABBC6A500001542 /* Country+CoreDataClass.swift in Sources */,
				75DD0F6C2ABBBCDA00001542 /* CoreDataConceptsAdvancedApp.swift in Sources */,
				75DD0F912ABBC6A500001542 /* Country+CoreDataProperties.swift in Sources */,
			);
			runOnlyForDeploymentPostprocessing = 0;
		};
/* End PBXSourcesBuildPhase section */

/* Begin XCBuildConfiguration section */
		75DD0F742ABBBCDC00001542 /* Debug */ = {
			isa = XCBuildConfiguration;
			buildSettings = {
				ALWAYS_SEARCH_USER_PATHS = NO;
				CLANG_ANALYZER_NONNULL = YES;
				CLANG_ANALYZER_NUMBER_OBJECT_CONVERSION = YES_AGGRESSIVE;
				CLANG_CXX_LANGUAGE_STANDARD = "gnu++20";
				CLANG_ENABLE_MODULES = YES;
				CLANG_ENABLE_OBJC_ARC = YES;
				CLANG_ENABLE_OBJC_WEAK = YES;
				CLANG_WARN_BLOCK_CAPTURE_AUTORELEASING = YES;
				CLANG_WARN_BOOL_CONVERSION = YES;
				CLANG_WARN_COMMA = YES;
				CLANG_WARN_CONSTANT_CONVERSION = YES;
				CLANG_WARN_DEPRECATED_OBJC_IMPLEMENTATIONS = YES;
				CLANG_WARN_DIRECT_OBJC_ISA_USAGE = YES_ERROR;
				CLANG_WARN_DOCUMENTATION_COMMENTS = YES;
				CLANG_WARN_EMPTY_BODY = YES;
				CLANG_WARN_ENUM_CONVERSION = YES;
				CLANG_WARN_INFINITE_RECURSION = YES;
				CLANG_WARN_INT_CONVERSION = YES;
				CLANG_WARN_NON_LITERAL_NULL_CONVERSION = YES;
				CLANG_WARN_OBJC_IMPLICIT_RETAIN_SELF = YES;
				CLANG_WARN_OBJC_LITERAL_CONVERSION = YES;
				CLANG_WARN_OBJC_ROOT_CLASS = YES_ERROR;
				CLANG_WARN_QUOTED_INCLUDE_IN_FRAMEWORK_HEADER = YES;
				CLANG_WARN_RANGE_LOOP_ANALYSIS = YES;
				CLANG_WARN_STRICT_PROTOTYPES = YES;
				CLANG_WARN_SUSPICIOUS_MOVE = YES;
				CLANG_WARN_UNGUARDED_AVAILABILITY = YES_AGGRESSIVE;
				CLANG_WARN_UNREACHABLE_CODE = YES;
				CLANG_WARN__DUPLICATE_METHOD_MATCH = YES;
				COPY_PHASE_STRIP = NO;
				DEBUG_INFORMATION_FORMAT = dwarf;
				ENABLE_STRICT_OBJC_MSGSEND = YES;
				ENABLE_TESTABILITY = YES;
				GCC_C_LANGUAGE_STANDARD = gnu11;
				GCC_DYNAMIC_NO_PIC = NO;
				GCC_NO_COMMON_BLOCKS = YES;
				GCC_OPTIMIZATION_LEVEL = 0;
				GCC_PREPROCESSOR_DEFINITIONS = (
					"DEBUG=1",
					"$(inherited)",
				);
				GCC_WARN_64_TO_32_BIT_CONVERSION = YES;
				GCC_WARN_ABOUT_RETURN_TYPE = YES_ERROR;
				GCC_WARN_UNDECLARED_SELECTOR = YES;
				GCC_WARN_UNINITIALIZED_AUTOS = YES_AGGRESSIVE;
				GCC_WARN_UNUSED_FUNCTION = YES;
				GCC_WARN_UNUSED_VARIABLE = YES;
				IPHONEOS_DEPLOYMENT_TARGET = 16.4;
				MTL_ENABLE_DEBUG_INFO = INCLUDE_SOURCE;
				MTL_FAST_MATH = YES;
				ONLY_ACTIVE_ARCH = YES;
				SDKROOT = iphoneos;
				SWIFT_ACTIVE_COMPILATION_CONDITIONS = DEBUG;
				SWIFT_OPTIMIZATION_LEVEL = "-Onone";
			};
			name = Debug;
		};
		75DD0F752ABBBCDC00001542 /* Release */ = {
			isa = XCBuildConfiguration;
			buildSettings = {
				ALWAYS_SEARCH_USER_PATHS = NO;
				CLANG_ANALYZER_NONNULL = YES;
				CLANG_ANALYZER_NUMBER_OBJECT_CONVERSION = YES_AGGRESSIVE;
				CLANG_CXX_LANGUAGE_STANDARD = "gnu++20";
				CLANG_ENABLE_MODULES = YES;
				CLANG_ENABLE_OBJC_ARC = YES;
				CLANG_ENABLE_OBJC_WEAK = YES;
				CLANG_WARN_BLOCK_CAPTURE_AUTORELEASING = YES;
				CLANG_WARN_BOOL_CONVERSION = YES;
				CLANG_WARN_COMMA = YES;
				CLANG_WARN_CONSTANT_CONVERSION = YES;
				CLANG_WARN_DEPRECATED_OBJC_IMPLEMENTATIONS = YES;
				CLANG_WARN_DIRECT_OBJC_ISA_USAGE = YES_ERROR;
				CLANG_WARN_DOCUMENTATION_COMMENTS = YES;
				CLANG_WARN_EMPTY_BODY = YES;
				CLANG_WARN_ENUM_CONVERSION = YES;
				CLANG_WARN_INFINITE_RECURSION = YES;
				CLANG_WARN_INT_CONVERSION = YES;
				CLANG_WARN_NON_LITERAL_NULL_CONVERSION = YES;
				CLANG_WARN_OBJC_IMPLICIT_RETAIN_SELF = YES;
				CLANG_WARN_OBJC_LITERAL_CONVERSION = YES;
				CLANG_WARN_OBJC_ROOT_CLASS = YES_ERROR;
				CLANG_WARN_QUOTED_INCLUDE_IN_FRAMEWORK_HEADER = YES;
				CLANG_WARN_RANGE_LOOP_ANALYSIS = YES;
				CLANG_WARN_STRICT_PROTOTYPES = YES;
				CLANG_WARN_SUSPICIOUS_MOVE = YES;
				CLANG_WARN_UNGUARDED_AVAILABILITY = YES_AGGRESSIVE;
				CLANG_WARN_UNREACHABLE_CODE = YES;
				CLANG_WARN__DUPLICATE_METHOD_MATCH = YES;
				COPY_PHASE_STRIP = NO;
				DEBUG_INFORMATION_FORMAT = "dwarf-with-dsym";
				ENABLE_NS_ASSERTIONS = NO;
				ENABLE_STRICT_OBJC_MSGSEND = YES;
				GCC_C_LANGUAGE_STANDARD = gnu11;
				GCC_NO_COMMON_BLOCKS = YES;
				GCC_WARN_64_TO_32_BIT_CONVERSION = YES;
				GCC_WARN_ABOUT_RETURN_TYPE = YES_ERROR;
				GCC_WARN_UNDECLARED_SELECTOR = YES;
				GCC_WARN_UNINITIALIZED_AUTOS = YES_AGGRESSIVE;
				GCC_WARN_UNUSED_FUNCTION = YES;
				GCC_WARN_UNUSED_VARIABLE = YES;
				IPHONEOS_DEPLOYMENT_TARGET = 16.4;
				MTL_ENABLE_DEBUG_INFO = NO;
				MTL_FAST_MATH = YES;
				SDKROOT = iphoneos;
				SWIFT_COMPILATION_MODE = wholemodule;
				SWIFT_OPTIMIZATION_LEVEL = "-O";
				VALIDATE_PRODUCT = YES;
			};
			name = Release;
		};
		75DD0F772ABBBCDC00001542 /* Debug */ = {
			isa = XCBuildConfiguration;
			buildSettings = {
				ASSETCATALOG_COMPILER_APPICON_NAME = AppIcon;
				ASSETCATALOG_COMPILER_GLOBAL_ACCENT_COLOR_NAME = AccentColor;
				CODE_SIGN_STYLE = Automatic;
				CURRENT_PROJECT_VERSION = 1;
				DEVELOPMENT_ASSET_PATHS = "\"CoreDataConceptsAdvanced/Preview Content\"";
				DEVELOPMENT_TEAM = HMFDPX66GU;
				ENABLE_PREVIEWS = YES;
				GENERATE_INFOPLIST_FILE = YES;
				INFOPLIST_KEY_UIApplicationSceneManifest_Generation = YES;
				INFOPLIST_KEY_UIApplicationSupportsIndirectInputEvents = YES;
				INFOPLIST_KEY_UILaunchScreen_Generation = YES;
				INFOPLIST_KEY_UISupportedInterfaceOrientations_iPad = "UIInterfaceOrientationPortrait UIInterfaceOrientationPortraitUpsideDown UIInterfaceOrientationLandscapeLeft UIInterfaceOrientationLandscapeRight";
				INFOPLIST_KEY_UISupportedInterfaceOrientations_iPhone = "UIInterfaceOrientationPortrait UIInterfaceOrientationLandscapeLeft UIInterfaceOrientationLandscapeRight";
				LD_RUNPATH_SEARCH_PATHS = (
					"$(inherited)",
					"@executable_path/Frameworks",
				);
				MARKETING_VERSION = 1.0;
				PRODUCT_BUNDLE_IDENTIFIER = com.discoman.CoreDataConceptsAdvanced;
				PRODUCT_NAME = "$(TARGET_NAME)";
				SWIFT_EMIT_LOC_STRINGS = YES;
				SWIFT_VERSION = 5.0;
				TARGETED_DEVICE_FAMILY = "1,2";
			};
			name = Debug;
		};
		75DD0F782ABBBCDC00001542 /* Release */ = {
			isa = XCBuildConfiguration;
			buildSettings = {
				ASSETCATALOG_COMPILER_APPICON_NAME = AppIcon;
				ASSETCATALOG_COMPILER_GLOBAL_ACCENT_COLOR_NAME = AccentColor;
				CODE_SIGN_STYLE = Automatic;
				CURRENT_PROJECT_VERSION = 1;
				DEVELOPMENT_ASSET_PATHS = "\"CoreDataConceptsAdvanced/Preview Content\"";
				DEVELOPMENT_TEAM = HMFDPX66GU;
				ENABLE_PREVIEWS = YES;
				GENERATE_INFOPLIST_FILE = YES;
				INFOPLIST_KEY_UIApplicationSceneManifest_Generation = YES;
				INFOPLIST_KEY_UIApplicationSupportsIndirectInputEvents = YES;
				INFOPLIST_KEY_UILaunchScreen_Generation = YES;
				INFOPLIST_KEY_UISupportedInterfaceOrientations_iPad = "UIInterfaceOrientationPortrait UIInterfaceOrientationPortraitUpsideDown UIInterfaceOrientationLandscapeLeft UIInterfaceOrientationLandscapeRight";
				INFOPLIST_KEY_UISupportedInterfaceOrientations_iPhone = "UIInterfaceOrientationPortrait UIInterfaceOrientationLandscapeLeft UIInterfaceOrientationLandscapeRight";
				LD_RUNPATH_SEARCH_PATHS = (
					"$(inherited)",
					"@executable_path/Frameworks",
				);
				MARKETING_VERSION = 1.0;
				PRODUCT_BUNDLE_IDENTIFIER = com.discoman.CoreDataConceptsAdvanced;
				PRODUCT_NAME = "$(TARGET_NAME)";
				SWIFT_EMIT_LOC_STRINGS = YES;
				SWIFT_VERSION = 5.0;
				TARGETED_DEVICE_FAMILY = "1,2";
			};
			name = Release;
		};
/* End XCBuildConfiguration section */

/* Begin XCConfigurationList section */
		75DD0F632ABBBCDA00001542 /* Build configuration list for PBXProject "CoreDataConceptsAdvanced" */ = {
			isa = XCConfigurationList;
			buildConfigurations = (
				75DD0F742ABBBCDC00001542 /* Debug */,
				75DD0F752ABBBCDC00001542 /* Release */,
			);
			defaultConfigurationIsVisible = 0;
			defaultConfigurationName = Release;
		};
		75DD0F762ABBBCDC00001542 /* Build configuration list for PBXNativeTarget "CoreDataConceptsAdvanced" */ = {
			isa = XCConfigurationList;
			buildConfigurations = (
				75DD0F772ABBBCDC00001542 /* Debug */,
				75DD0F782ABBBCDC00001542 /* Release */,
			);
			defaultConfigurationIsVisible = 0;
			defaultConfigurationName = Release;
		};
/* End XCConfigurationList section */

/* Begin XCVersionGroup section */
		75DD0F7B2ABBBE3400001542 /* Artist.xcdatamodeld */ = {
			isa = XCVersionGroup;
			children = (
				75DD0F7C2ABBBE3400001542 /* Artist.xcdatamodel */,
			);
			currentVersion = 75DD0F7C2ABBBE3400001542 /* Artist.xcdatamodel */;
			path = Artist.xcdatamodeld;
			sourceTree = "<group>";
			versionGroupType = wrapper.xcdatamodel;
		};
/* End XCVersionGroup section */
	};
	rootObject = 75DD0F602ABBBCDA00001542 /* Project object */;
}
